
Microsoft Visual Studio Solution File, Format Version 12.00
# Visual Studio 2013
VisualStudioVersion = 12.0.0.0
MinimumVisualStudioVersion = 10.0.0.1
Project("{2150E333-8FDC-42A3-9474-1A3956D46DE8}") = "MetricServer", "MetricServer", "{5958A430-567D-47BC-AFCE-CC86EF3BE9F1}"
EndProject
Project("{FAE04EC0-301F-11D3-BF4B-00C04F79EFBC}") = "ConsoleMetricServer_4.5", "MetricServer\ConsoleMetricServer_4.5\ConsoleMetricServer_4.5.csproj", "{A0480849-26D3-4F05-B9AE-A6CAA0AE3F4E}"
EndProject
Project("{FAE04EC0-301F-11D3-BF4B-00C04F79EFBC}") = "CoreConsoleMetricServer_1.0", "MetricServer\CoreConsoleMetricServer_1.0\CoreConsoleMetricServer_1.0.csproj", "{01F1D0DE-5449-4578-97A7-3976392B56B8}"
EndProject
Project("{FAE04EC0-301F-11D3-BF4B-00C04F79EFBC}") = "CoreConsoleMetricServer_2.0", "MetricServer\CoreConsoleMetricServer_2.0\CoreConsoleMetricServer_2.0.csproj", "{C98FDA57-2C3B-44C8-91B4-BEEA006D5182}"
EndProject
Project("{2150E333-8FDC-42A3-9474-1A3956D46DE8}") = "WithoutExtensions", "WithoutExtensions", "{73AF7CCB-67F6-4951-AB88-958CE2145AAE}"
EndProject
Project("{FAE04EC0-301F-11D3-BF4B-00C04F79EFBC}") = "CoreWebWithoutExtensions_2.0", "WithoutExtensions\CoreWebWithoutExtensions_2.0\CoreWebWithoutExtensions_2.0.csproj", "{077E7294-4E3B-448B-8A93-E496B475788B}"
EndProject
Project("{2150E333-8FDC-42A3-9474-1A3956D46DE8}") = "HttpRequestDurations", "HttpRequestDurations", "{48ED99AC-E8A3-4F2C-A99C-3B61E66B778B}"
EndProject
Project("{FAE04EC0-301F-11D3-BF4B-00C04F79EFBC}") = "CoreWebHttpRequestDurations_2.0", "HttpRequestDurations\CoreWebHttpRequestDurations_2.0\CoreWebHttpRequestDurations_2.0.csproj", "{27FD5B5E-4E59-42B2-B776-ABD8443C3102}"
EndProject
Global
	GlobalSection(SolutionConfigurationPlatforms) = preSolution
		Debug|Any CPU = Debug|Any CPU
		Release|Any CPU = Release|Any CPU
	EndGlobalSection
	GlobalSection(ProjectConfigurationPlatforms) = postSolution
		{A0480849-26D3-4F05-B9AE-A6CAA0AE3F4E}.Debug|Any CPU.ActiveCfg = Debug|Any CPU
		{A0480849-26D3-4F05-B9AE-A6CAA0AE3F4E}.Debug|Any CPU.Build.0 = Debug|Any CPU
		{A0480849-26D3-4F05-B9AE-A6CAA0AE3F4E}.Release|Any CPU.ActiveCfg = Release|Any CPU
		{A0480849-26D3-4F05-B9AE-A6CAA0AE3F4E}.Release|Any CPU.Build.0 = Release|Any CPU
		{01F1D0DE-5449-4578-97A7-3976392B56B8}.Debug|Any CPU.ActiveCfg = Debug|Any CPU
		{01F1D0DE-5449-4578-97A7-3976392B56B8}.Debug|Any CPU.Build.0 = Debug|Any CPU
		{01F1D0DE-5449-4578-97A7-3976392B56B8}.Release|Any CPU.ActiveCfg = Release|Any CPU
		{01F1D0DE-5449-4578-97A7-3976392B56B8}.Release|Any CPU.Build.0 = Release|Any CPU
		{C98FDA57-2C3B-44C8-91B4-BEEA006D5182}.Debug|Any CPU.ActiveCfg = Debug|Any CPU
		{C98FDA57-2C3B-44C8-91B4-BEEA006D5182}.Debug|Any CPU.Build.0 = Debug|Any CPU
		{C98FDA57-2C3B-44C8-91B4-BEEA006D5182}.Release|Any CPU.ActiveCfg = Release|Any CPU
		{C98FDA57-2C3B-44C8-91B4-BEEA006D5182}.Release|Any CPU.Build.0 = Release|Any CPU
		{077E7294-4E3B-448B-8A93-E496B475788B}.Debug|Any CPU.ActiveCfg = Debug|Any CPU
		{077E7294-4E3B-448B-8A93-E496B475788B}.Debug|Any CPU.Build.0 = Debug|Any CPU
		{077E7294-4E3B-448B-8A93-E496B475788B}.Release|Any CPU.ActiveCfg = Release|Any CPU
		{077E7294-4E3B-448B-8A93-E496B475788B}.Release|Any CPU.Build.0 = Release|Any CPU
		{27FD5B5E-4E59-42B2-B776-ABD8443C3102}.Debug|Any CPU.ActiveCfg = Debug|Any CPU
		{27FD5B5E-4E59-42B2-B776-ABD8443C3102}.Debug|Any CPU.Build.0 = Debug|Any CPU
		{27FD5B5E-4E59-42B2-B776-ABD8443C3102}.Release|Any CPU.ActiveCfg = Release|Any CPU
		{27FD5B5E-4E59-42B2-B776-ABD8443C3102}.Release|Any CPU.Build.0 = Release|Any CPU
	EndGlobalSection
	GlobalSection(SolutionProperties) = preSolution
		HideSolutionNode = FALSE
	EndGlobalSection
	GlobalSection(NestedProjects) = preSolution
		{A0480849-26D3-4F05-B9AE-A6CAA0AE3F4E} = {5958A430-567D-47BC-AFCE-CC86EF3BE9F1}
		{01F1D0DE-5449-4578-97A7-3976392B56B8} = {5958A430-567D-47BC-AFCE-CC86EF3BE9F1}
		{C98FDA57-2C3B-44C8-91B4-BEEA006D5182} = {5958A430-567D-47BC-AFCE-CC86EF3BE9F1}
		{077E7294-4E3B-448B-8A93-E496B475788B} = {73AF7CCB-67F6-4951-AB88-958CE2145AAE}
		{27FD5B5E-4E59-42B2-B776-ABD8443C3102} = {48ED99AC-E8A3-4F2C-A99C-3B61E66B778B}
	EndGlobalSection
EndGlobal
