
Microsoft Visual Studio Solution File, Format Version 12.00
# Visual Studio 2013
VisualStudioVersion = 12.0.0.0
MinimumVisualStudioVersion = 10.0.0.1
Project("{2150E333-8FDC-42A3-9474-1A3956D46DE8}") = "MetricServer", "MetricServer", "{5958A430-567D-47BC-AFCE-CC86EF3BE9F1}"
EndProject
Project("{FAE04EC0-301F-11D3-BF4B-00C04F79EFBC}") = "CoreConsoleMetricServer_2.0", "MetricServer\CoreConsoleMetricServer_2.0\CoreConsoleMetricServer_2.0.csproj", "{C98FDA57-2C3B-44C8-91B4-BEEA006D5182}"
EndProject
Project("{2150E333-8FDC-42A3-9474-1A3956D46DE8}") = "WithoutExtensions", "WithoutExtensions", "{73AF7CCB-67F6-4951-AB88-958CE2145AAE}"
EndProject
Project("{2150E333-8FDC-42A3-9474-1A3956D46DE8}") = "HttpRequestDurations", "HttpRequestDurations", "{48ED99AC-E8A3-4F2C-A99C-3B61E66B778B}"
EndProject
Project("{2150E333-8FDC-42A3-9474-1A3956D46DE8}") = "Middleware", "Middleware", "{127C8C78-F5D5-4774-A765-40A514420E56}"
EndProject
Project("{FAE04EC0-301F-11D3-BF4B-00C04F79EFBC}") = "WebAspNetCore_2.0", "Middleware\WebAspNetCore_2.0\WebAspNetCore_2.0.csproj", "{EE6B6F54-E659-49C5-B46C-7894BA02B29D}"
EndProject
Project("{FAE04EC0-301F-11D3-BF4B-00C04F79EFBC}") = "CoreWebWithoutExtensions_2.1", "WithoutExtensions\CoreWebWithoutExtensions_2.1\CoreWebWithoutExtensions_2.1.csproj", "{5EAEFC47-FD45-4A01-B86A-B7291F724BFA}"
EndProject
Project("{2150E333-8FDC-42A3-9474-1A3956D46DE8}") = "MetricPusher", "MetricPusher", "{1D721336-3902-4952-B9F1-972E11F244A5}"
EndProject
Project("{FAE04EC0-301F-11D3-BF4B-00C04F79EFBC}") = "CoreConsoleMetricPusher_2.1", "MetricPusher\CoreConsoleMetricPusher_2.1\CoreConsoleMetricPusher_2.1.csproj", "{BF53A12B-99BC-44B1-A265-D40CC572986E}"
EndProject
Project("{2150E333-8FDC-42A3-9474-1A3956D46DE8}") = "Solution Items", "Solution Items", "{6EFAE2F5-5F7B-481B-90D9-8F9E94579C1A}"
ProjectSection(SolutionItems) = preProject
	LICENSE = LICENSE
	nuget.config = nuget.config
	README.md = README.md
	.gitignore = .gitignore
	.gitattributes = .gitattributes
	.editorconfig = .editorconfig
	renovate.json = renovate.json
EndProjectSection
EndProject
Project("{FAE04EC0-301F-11D3-BF4B-00C04F79EFBC}") = "CoreWebWithoutExtensions_3.1", "WithoutExtensions\CoreWebWithoutExtensions_3.1\CoreWebWithoutExtensions_3.1.csproj", "{68694D60-A6C6-421B-80D0-C18AD7402238}"
EndProject
Project("{FAE04EC0-301F-11D3-BF4B-00C04F79EFBC}") = "WebAspNetCore_3.1", "Middleware\WebAspNetCore_3.1\WebAspNetCore_3.1.csproj", "{BD8F96CF-4F67-47C0-9BCD-6C628E1A7ACC}"
EndProject
Project("{FAE04EC0-301F-11D3-BF4B-00C04F79EFBC}") = "WebHttpRequestDurations_3.1", "HttpRequestDurations\WebHttpRequestDurations_3.1\WebHttpRequestDurations_3.1.csproj", "{A1E08E3A-3DDA-47AD-AAFA-A8B683500AFA}"
EndProject
Project("{FAE04EC0-301F-11D3-BF4B-00C04F79EFBC}") = "ConsoleMetricServer_3.1", "MetricServer\ConsoleMetricServer_3.1\ConsoleMetricServer_3.1.csproj", "{22F0B75E-A140-469F-B30B-70270094D593}"
EndProject
Project("{2150E333-8FDC-42A3-9474-1A3956D46DE8}") = "HealthChecks", "HealthChecks", "{E915D04B-7AF9-4BFA-815D-A7B6344E9A59}"
EndProject
Project("{FAE04EC0-301F-11D3-BF4B-00C04F79EFBC}") = "HealthChecks_3.1", "HealthChecks\HealthChecks_3.1\HealthChecks_3.1.csproj", "{ADFBF64A-E024-495E-B6A8-C35C48F59BA3}"
EndProject
Project("{FAE04EC0-301F-11D3-BF4B-00C04F79EFBC}") = "WebMetricPusher", "MetricPusher\WebMetricPusher\WebMetricPusher.csproj", "{D6A7C475-F53C-415B-B2F9-761DEAF8382A}"
EndProject
Global
	GlobalSection(SolutionConfigurationPlatforms) = preSolution
		Debug|Any CPU = Debug|Any CPU
		Release|Any CPU = Release|Any CPU
	EndGlobalSection
	GlobalSection(ProjectConfigurationPlatforms) = postSolution
		{C98FDA57-2C3B-44C8-91B4-BEEA006D5182}.Debug|Any CPU.ActiveCfg = Debug|Any CPU
		{C98FDA57-2C3B-44C8-91B4-BEEA006D5182}.Debug|Any CPU.Build.0 = Debug|Any CPU
		{C98FDA57-2C3B-44C8-91B4-BEEA006D5182}.Release|Any CPU.ActiveCfg = Release|Any CPU
		{C98FDA57-2C3B-44C8-91B4-BEEA006D5182}.Release|Any CPU.Build.0 = Release|Any CPU
		{EE6B6F54-E659-49C5-B46C-7894BA02B29D}.Debug|Any CPU.ActiveCfg = Debug|Any CPU
		{EE6B6F54-E659-49C5-B46C-7894BA02B29D}.Debug|Any CPU.Build.0 = Debug|Any CPU
		{EE6B6F54-E659-49C5-B46C-7894BA02B29D}.Release|Any CPU.ActiveCfg = Release|Any CPU
		{EE6B6F54-E659-49C5-B46C-7894BA02B29D}.Release|Any CPU.Build.0 = Release|Any CPU
		{5EAEFC47-FD45-4A01-B86A-B7291F724BFA}.Debug|Any CPU.ActiveCfg = Debug|Any CPU
		{5EAEFC47-FD45-4A01-B86A-B7291F724BFA}.Debug|Any CPU.Build.0 = Debug|Any CPU
		{5EAEFC47-FD45-4A01-B86A-B7291F724BFA}.Release|Any CPU.ActiveCfg = Release|Any CPU
		{5EAEFC47-FD45-4A01-B86A-B7291F724BFA}.Release|Any CPU.Build.0 = Release|Any CPU
		{BF53A12B-99BC-44B1-A265-D40CC572986E}.Debug|Any CPU.ActiveCfg = Debug|Any CPU
		{BF53A12B-99BC-44B1-A265-D40CC572986E}.Debug|Any CPU.Build.0 = Debug|Any CPU
		{BF53A12B-99BC-44B1-A265-D40CC572986E}.Release|Any CPU.ActiveCfg = Release|Any CPU
		{BF53A12B-99BC-44B1-A265-D40CC572986E}.Release|Any CPU.Build.0 = Release|Any CPU
		{68694D60-A6C6-421B-80D0-C18AD7402238}.Debug|Any CPU.ActiveCfg = Debug|Any CPU
		{68694D60-A6C6-421B-80D0-C18AD7402238}.Debug|Any CPU.Build.0 = Debug|Any CPU
		{68694D60-A6C6-421B-80D0-C18AD7402238}.Release|Any CPU.ActiveCfg = Release|Any CPU
		{68694D60-A6C6-421B-80D0-C18AD7402238}.Release|Any CPU.Build.0 = Release|Any CPU
		{BD8F96CF-4F67-47C0-9BCD-6C628E1A7ACC}.Debug|Any CPU.ActiveCfg = Debug|Any CPU
		{BD8F96CF-4F67-47C0-9BCD-6C628E1A7ACC}.Debug|Any CPU.Build.0 = Debug|Any CPU
		{BD8F96CF-4F67-47C0-9BCD-6C628E1A7ACC}.Release|Any CPU.ActiveCfg = Release|Any CPU
		{BD8F96CF-4F67-47C0-9BCD-6C628E1A7ACC}.Release|Any CPU.Build.0 = Release|Any CPU
		{A1E08E3A-3DDA-47AD-AAFA-A8B683500AFA}.Debug|Any CPU.ActiveCfg = Debug|Any CPU
		{A1E08E3A-3DDA-47AD-AAFA-A8B683500AFA}.Debug|Any CPU.Build.0 = Debug|Any CPU
		{A1E08E3A-3DDA-47AD-AAFA-A8B683500AFA}.Release|Any CPU.ActiveCfg = Release|Any CPU
		{A1E08E3A-3DDA-47AD-AAFA-A8B683500AFA}.Release|Any CPU.Build.0 = Release|Any CPU
		{22F0B75E-A140-469F-B30B-70270094D593}.Debug|Any CPU.ActiveCfg = Debug|Any CPU
		{22F0B75E-A140-469F-B30B-70270094D593}.Debug|Any CPU.Build.0 = Debug|Any CPU
		{22F0B75E-A140-469F-B30B-70270094D593}.Release|Any CPU.ActiveCfg = Release|Any CPU
		{22F0B75E-A140-469F-B30B-70270094D593}.Release|Any CPU.Build.0 = Release|Any CPU
		{ADFBF64A-E024-495E-B6A8-C35C48F59BA3}.Debug|Any CPU.ActiveCfg = Debug|Any CPU
		{ADFBF64A-E024-495E-B6A8-C35C48F59BA3}.Debug|Any CPU.Build.0 = Debug|Any CPU
		{ADFBF64A-E024-495E-B6A8-C35C48F59BA3}.Release|Any CPU.ActiveCfg = Release|Any CPU
		{ADFBF64A-E024-495E-B6A8-C35C48F59BA3}.Release|Any CPU.Build.0 = Release|Any CPU
		{D6A7C475-F53C-415B-B2F9-761DEAF8382A}.Debug|Any CPU.ActiveCfg = Debug|Any CPU
		{D6A7C475-F53C-415B-B2F9-761DEAF8382A}.Debug|Any CPU.Build.0 = Debug|Any CPU
		{D6A7C475-F53C-415B-B2F9-761DEAF8382A}.Release|Any CPU.ActiveCfg = Release|Any CPU
		{D6A7C475-F53C-415B-B2F9-761DEAF8382A}.Release|Any CPU.Build.0 = Release|Any CPU
	EndGlobalSection
	GlobalSection(SolutionProperties) = preSolution
		HideSolutionNode = FALSE
	EndGlobalSection
	GlobalSection(NestedProjects) = preSolution
		{C98FDA57-2C3B-44C8-91B4-BEEA006D5182} = {5958A430-567D-47BC-AFCE-CC86EF3BE9F1}
		{5EAEFC47-FD45-4A01-B86A-B7291F724BFA} = {73AF7CCB-67F6-4951-AB88-958CE2145AAE}
		{EE6B6F54-E659-49C5-B46C-7894BA02B29D} = {127C8C78-F5D5-4774-A765-40A514420E56}
		{BF53A12B-99BC-44B1-A265-D40CC572986E} = {1D721336-3902-4952-B9F1-972E11F244A5}
		{68694D60-A6C6-421B-80D0-C18AD7402238} = {73AF7CCB-67F6-4951-AB88-958CE2145AAE}
		{BD8F96CF-4F67-47C0-9BCD-6C628E1A7ACC} = {127C8C78-F5D5-4774-A765-40A514420E56}
		{A1E08E3A-3DDA-47AD-AAFA-A8B683500AFA} = {48ED99AC-E8A3-4F2C-A99C-3B61E66B778B}
		{22F0B75E-A140-469F-B30B-70270094D593} = {5958A430-567D-47BC-AFCE-CC86EF3BE9F1}
		{ADFBF64A-E024-495E-B6A8-C35C48F59BA3} = {E915D04B-7AF9-4BFA-815D-A7B6344E9A59}
		{D6A7C475-F53C-415B-B2F9-761DEAF8382A} = {1D721336-3902-4952-B9F1-972E11F244A5}
	EndGlobalSection
EndGlobal
